
Microsoft Visual Studio Solution File, Format Version 12.00
# Visual Studio Version 16
VisualStudioVersion = 25.0.1705.1
MinimumVisualStudioVersion = 10.0.40219.1
Project("{FAE04EC0-301F-11D3-BF4B-00C04F79EFBC}") = "CvBuilderDev", "CvBuilderDev\CvBuilderDev.csproj", "{52AEDE2D-9825-487C-B6B4-A74A14455964}"
EndProject
Global
	GlobalSection(SolutionConfigurationPlatforms) = preSolution
		Debug|Any CPU = Debug|Any CPU
		Release|Any CPU = Release|Any CPU
	EndGlobalSection
	GlobalSection(ProjectConfigurationPlatforms) = postSolution
		{52AEDE2D-9825-487C-B6B4-A74A14455964}.Debug|Any CPU.ActiveCfg = Debug|Any CPU
		{52AEDE2D-9825-487C-B6B4-A74A14455964}.Debug|Any CPU.Build.0 = Debug|Any CPU
		{52AEDE2D-9825-487C-B6B4-A74A14455964}.Release|Any CPU.ActiveCfg = Release|Any CPU
		{52AEDE2D-9825-487C-B6B4-A74A14455964}.Release|Any CPU.Build.0 = Release|Any CPU
	EndGlobalSection
	GlobalSection(SolutionProperties) = preSolution
		HideSolutionNode = FALSE
	EndGlobalSection
	GlobalSection(ExtensibilityGlobals) = postSolution
		SolutionGuid = {DAEFC051-06C6-4B8E-9EF0-944E8B49EE93}
	EndGlobalSection
EndGlobal
